{
  "requires": true,
  "lockfileVersion": 1,
  "dependencies": {
    "bluebird": {
      "version": "3.4.1",
      "resolved": "https://registry.npmjs.org/bluebird/-/bluebird-3.4.1.tgz",
      "integrity": "sha1-tzHd9I4t077awudeEhWhG8uR+gc="
    },
    "niko-home-control": {
      "version": "0.4.3",
      "resolved": "https://registry.npmjs.org/niko-home-control/-/niko-home-control-0.4.3.tgz",
      "integrity": "sha512-QHkhxQI1k8Y0Wkig5LRNkl+aJJjzYeqLaz2CTfrM8n/kqkKnR23N7p99/r0leWAG5OThdVY2oDV1lwTeI+n2yA==",
      "requires": {
        "bluebird": "3.4.1"
      }
    }
  }
}
